// !$*UTF8*$!
{
	archiveVersion = 1;
	classes = {
	};
	objectVersion = 70;
	objects = {

/* Begin PBXBuildFile section */
		586C02A22FDB11C400D2A003 /* Messages.framework in Frameworks */ = {isa = PBXBuildFile; fileRef = 586C02A12FDB11C300D2A003 /* Messages.framework */; };
		586C02AE2FDB11C400D2A003 /* sticker.appex in Embed Foundation Extensions */ = {isa = PBXBuildFile; fileRef = 586C029F2FDB11C300D2A003 /* sticker.appex */; settings = {ATTRIBUTES = (RemoveHeadersOnCopy, ); }; };
		58EB64DA2FDECDA0006D84DF /* keyboard.appex in Embed Foundation Extensions */ = {isa = PBXBuildFile; fileRef = 58EB64D32FDECDA0006D84DF /* keyboard.appex */; settings = {ATTRIBUTES = (RemoveHeadersOnCopy, ); }; };
		936CDD09A98E432076DB7860 /* StampCameraSpec.swift in Sources */ = {isa = PBXBuildFile; fileRef = ABBD8E26D269648DB883B473 /* StampCameraSpec.swift */; };
		9C8F79182FD4FEA000B6DA22 /* Assets.xcassets in Resources */ = {isa = PBXBuildFile; fileRef = 9C8F79172FD4FEA000B6DA22 /* Assets.xcassets */; };
		9C8F791A2FD651EB00B6DA22 /* punching.mp3 in Resources */ = {isa = PBXBuildFile; fileRef = 9C8F79192FD651EB00B6DA22 /* punching.mp3 */; };
		A1000011 /* StampCameraApp.swift in Sources */ = {isa = PBXBuildFile; fileRef = A1000001 /* StampCameraApp.swift */; };
		A1000012 /* ContentView.swift in Sources */ = {isa = PBXBuildFile; fileRef = A1000002 /* ContentView.swift */; };
		A1000013 /* CameraManager.swift in Sources */ = {isa = PBXBuildFile; fileRef = A1000003 /* CameraManager.swift */; };
		A1000014 /* CameraPreview.swift in Sources */ = {isa = PBXBuildFile; fileRef = A1000004 /* CameraPreview.swift */; };
		A1000015 /* PuncherFrameView.swift in Sources */ = {isa = PBXBuildFile; fileRef = A1000005 /* PuncherFrameView.swift */; };
		A1000016 /* StampShape.swift in Sources */ = {isa = PBXBuildFile; fileRef = A1000006 /* StampShape.swift */; };
		A1000017 /* StampCompositor.swift in Sources */ = {isa = PBXBuildFile; fileRef = A1000007 /* StampCompositor.swift */; };
		A1000018 /* CameraLaunchRouter.swift in Sources */ = {isa = PBXBuildFile; fileRef = A1000009 /* CameraLaunchRouter.swift */; };
		A1000019 /* OpenKkukCameraIntent.swift in Sources */ = {isa = PBXBuildFile; fileRef = A100000A /* OpenKkukCameraIntent.swift */; };
		A1000211 /* TestSupport.swift in Sources */ = {isa = PBXBuildFile; fileRef = A1000201 /* TestSupport.swift */; };
		A1000212 /* CollectionStoreTests.swift in Sources */ = {isa = PBXBuildFile; fileRef = A1000202 /* CollectionStoreTests.swift */; };
		A1000213 /* ExhibitionTests.swift in Sources */ = {isa = PBXBuildFile; fileRef = A1000203 /* ExhibitionTests.swift */; };
		A1000214 /* StampShapeTests.swift in Sources */ = {isa = PBXBuildFile; fileRef = A1000204 /* StampShapeTests.swift */; };
		A1000215 /* StampCompositorTests.swift in Sources */ = {isa = PBXBuildFile; fileRef = A1000205 /* StampCompositorTests.swift */; };
		A1000216 /* ColorHexTests.swift in Sources */ = {isa = PBXBuildFile; fileRef = A1000206 /* ColorHexTests.swift */; };
		A1000217 /* LiveStampTests.swift in Sources */ = {isa = PBXBuildFile; fileRef = A1000207 /* LiveStampTests.swift */; };
		A1000218 /* StyleCorrectnessTests.swift in Sources */ = {isa = PBXBuildFile; fileRef = A1000208 /* StyleCorrectnessTests.swift */; };
		E26DD5523414B795831B7FB6 /* LeeoKit in Frameworks */ = {isa = PBXBuildFile; productRef = BF79C59A8F8F63491030AD61 /* LeeoKit */; };
		F73CBCCDCA180CAC44AEE8CC /* StampCameraSupportView.swift in Sources */ = {isa = PBXBuildFile; fileRef = E6120DBF3C192E243A33504F /* StampCameraSupportView.swift */; };
/* End PBXBuildFile section */

/* Begin PBXContainerItemProxy section */
		586C02AC2FDB11C400D2A003 /* PBXContainerItemProxy */ = {
			isa = PBXContainerItemProxy;
			containerPortal = A1000060 /* Project object */;
			proxyType = 1;
			remoteGlobalIDString = 586C029E2FDB11C300D2A003;
			remoteInfo = sticker;
		};
		58EB64D82FDECDA0006D84DF /* PBXContainerItemProxy */ = {
			isa = PBXContainerItemProxy;
			containerPortal = A1000060 /* Project object */;
			proxyType = 1;
			remoteGlobalIDString = 58EB64D22FDECDA0006D84DF;
			remoteInfo = keyboard;
		};
		A1000241 /* PBXContainerItemProxy */ = {
			isa = PBXContainerItemProxy;
			containerPortal = A1000060 /* Project object */;
			proxyType = 1;
			remoteGlobalIDString = A1000040;
			remoteInfo = StampCamera;
		};
/* End PBXContainerItemProxy section */

/* Begin PBXCopyFilesBuildPhase section */
		586C02832FDB116B00D2A003 /* Embed Foundation Extensions */ = {
			isa = PBXCopyFilesBuildPhase;
			buildActionMask = 2147483647;
			dstPath = "";
			dstSubfolderSpec = 13;
			files = (
				586C02AE2FDB11C400D2A003 /* sticker.appex in Embed Foundation Extensions */,
				58EB64DA2FDECDA0006D84DF /* keyboard.appex in Embed Foundation Extensions */,
			);
			name = "Embed Foundation Extensions";
			runOnlyForDeploymentPostprocessing = 0;
		};
/* End PBXCopyFilesBuildPhase section */

/* Begin PBXFileReference section */
		586C02912FDB119500D2A003 /* Stickers.xcstickers */ = {isa = PBXFileReference; lastKnownFileType = folder.stickers; name = Stickers.xcstickers; path = "sticker StickerPackExtension/Stickers.xcstickers"; sourceTree = "<group>"; };
		586C029F2FDB11C300D2A003 /* sticker.appex */ = {isa = PBXFileReference; explicitFileType = "wrapper.app-extension"; includeInIndex = 0; path = sticker.appex; sourceTree = BUILT_PRODUCTS_DIR; };
		586C02A12FDB11C300D2A003 /* Messages.framework */ = {isa = PBXFileReference; lastKnownFileType = wrapper.framework; name = Messages.framework; path = System/Library/Frameworks/Messages.framework; sourceTree = SDKROOT; };
		586C02C22FDB11D600D2A003 /* StampCamera.entitlements */ = {isa = PBXFileReference; lastKnownFileType = text.plist.entitlements; path = StampCamera.entitlements; sourceTree = "<group>"; };
		58EB64D32FDECDA0006D84DF /* keyboard.appex */ = {isa = PBXFileReference; explicitFileType = "wrapper.app-extension"; includeInIndex = 0; path = keyboard.appex; sourceTree = BUILT_PRODUCTS_DIR; };
		9C8F79172FD4FEA000B6DA22 /* Assets.xcassets */ = {isa = PBXFileReference; lastKnownFileType = folder.assetcatalog; path = Assets.xcassets; sourceTree = "<group>"; };
		9C8F79192FD651EB00B6DA22 /* punching.mp3 */ = {isa = PBXFileReference; lastKnownFileType = audio.mp3; path = punching.mp3; sourceTree = "<group>"; };
		A1000000 /* StampCamera.app */ = {isa = PBXFileReference; explicitFileType = wrapper.application; includeInIndex = 0; path = StampCamera.app; sourceTree = BUILT_PRODUCTS_DIR; };
		A1000001 /* StampCameraApp.swift */ = {isa = PBXFileReference; lastKnownFileType = sourcecode.swift; path = StampCameraApp.swift; sourceTree = "<group>"; };
		A1000002 /* ContentView.swift */ = {isa = PBXFileReference; lastKnownFileType = sourcecode.swift; path = ContentView.swift; sourceTree = "<group>"; };
		A1000003 /* CameraManager.swift */ = {isa = PBXFileReference; lastKnownFileType = sourcecode.swift; path = CameraManager.swift; sourceTree = "<group>"; };
		A1000004 /* CameraPreview.swift */ = {isa = PBXFileReference; lastKnownFileType = sourcecode.swift; path = CameraPreview.swift; sourceTree = "<group>"; };
		A1000005 /* PuncherFrameView.swift */ = {isa = PBXFileReference; lastKnownFileType = sourcecode.swift; path = PuncherFrameView.swift; sourceTree = "<group>"; };
		A1000006 /* StampShape.swift */ = {isa = PBXFileReference; lastKnownFileType = sourcecode.swift; path = StampShape.swift; sourceTree = "<group>"; };
		A1000007 /* StampCompositor.swift */ = {isa = PBXFileReference; lastKnownFileType = sourcecode.swift; path = StampCompositor.swift; sourceTree = "<group>"; };
		A1000009 /* CameraLaunchRouter.swift */ = {isa = PBXFileReference; lastKnownFileType = sourcecode.swift; path = CameraLaunchRouter.swift; sourceTree = "<group>"; };
		A100000A /* OpenKkukCameraIntent.swift */ = {isa = PBXFileReference; lastKnownFileType = sourcecode.swift; path = OpenKkukCameraIntent.swift; sourceTree = "<group>"; };
		A1000008 /* Info.plist */ = {isa = PBXFileReference; lastKnownFileType = text.plist.xml; path = Info.plist; sourceTree = "<group>"; };
		A1000200 /* StampCameraTests.xctest */ = {isa = PBXFileReference; explicitFileType = wrapper.cfbundle; includeInIndex = 0; path = StampCameraTests.xctest; sourceTree = BUILT_PRODUCTS_DIR; };
		A1000201 /* TestSupport.swift */ = {isa = PBXFileReference; lastKnownFileType = sourcecode.swift; path = TestSupport.swift; sourceTree = "<group>"; };
		A1000202 /* CollectionStoreTests.swift */ = {isa = PBXFileReference; lastKnownFileType = sourcecode.swift; path = CollectionStoreTests.swift; sourceTree = "<group>"; };
		A1000203 /* ExhibitionTests.swift */ = {isa = PBXFileReference; lastKnownFileType = sourcecode.swift; path = ExhibitionTests.swift; sourceTree = "<group>"; };
		A1000204 /* StampShapeTests.swift */ = {isa = PBXFileReference; lastKnownFileType = sourcecode.swift; path = StampShapeTests.swift; sourceTree = "<group>"; };
		A1000205 /* StampCompositorTests.swift */ = {isa = PBXFileReference; lastKnownFileType = sourcecode.swift; path = StampCompositorTests.swift; sourceTree = "<group>"; };
		A1000206 /* ColorHexTests.swift */ = {isa = PBXFileReference; lastKnownFileType = sourcecode.swift; path = ColorHexTests.swift; sourceTree = "<group>"; };
		A1000207 /* LiveStampTests.swift */ = {isa = PBXFileReference; lastKnownFileType = sourcecode.swift; path = LiveStampTests.swift; sourceTree = "<group>"; };
		A1000208 /* StyleCorrectnessTests.swift */ = {isa = PBXFileReference; lastKnownFileType = sourcecode.swift; path = StyleCorrectnessTests.swift; sourceTree = "<group>"; };
		ABBD8E26D269648DB883B473 /* StampCameraSpec.swift */ = {isa = PBXFileReference; includeInIndex = 1; lastKnownFileType = sourcecode.swift; path = StampCameraSpec.swift; sourceTree = "<group>"; };
		E6120DBF3C192E243A33504F /* StampCameraSupportView.swift */ = {isa = PBXFileReference; includeInIndex = 1; lastKnownFileType = sourcecode.swift; path = StampCameraSupportView.swift; sourceTree = "<group>"; };
/* End PBXFileReference section */

/* Begin PBXFileSystemSynchronizedBuildFileExceptionSet section */
		586C02AF2FDB11C400D2A003 /* Exceptions for "sticker" folder in "sticker" target */ = {
			isa = PBXFileSystemSynchronizedBuildFileExceptionSet;
			membershipExceptions = (
				Info.plist,
			);
			target = 586C029E2FDB11C300D2A003 /* sticker */;
		};
		58EB64DD2FDECDA0006D84DF /* Exceptions for "keyboard" folder in "keyboard" target */ = {
			isa = PBXFileSystemSynchronizedBuildFileExceptionSet;
			membershipExceptions = (
				Info.plist,
			);
			target = 58EB64D22FDECDA0006D84DF /* keyboard */;
		};
/* End PBXFileSystemSynchronizedBuildFileExceptionSet section */

/* Begin PBXFileSystemSynchronizedRootGroup section */
		586C027C2FDB116900D2A003 /* sticker */ = {
			isa = PBXFileSystemSynchronizedRootGroup;
			exceptions = (
			);
			explicitFileTypes = {
			};
			explicitFolders = (
			);
			path = sticker;
			sourceTree = "<group>";
		};
		586C02A32FDB11C400D2A003 /* sticker */ = {
			isa = PBXFileSystemSynchronizedRootGroup;
			exceptions = (
				586C02AF2FDB11C400D2A003 /* Exceptions for "sticker" folder in "sticker" target */,
			);
			explicitFileTypes = {
			};
			explicitFolders = (
			);
			path = sticker;
			sourceTree = "<group>";
		};
		58EB64D42FDECDA0006D84DF /* keyboard */ = {
			isa = PBXFileSystemSynchronizedRootGroup;
			exceptions = (
				58EB64DD2FDECDA0006D84DF /* Exceptions for "keyboard" folder in "keyboard" target */,
			);
			explicitFileTypes = {
			};
			explicitFolders = (
			);
			path = keyboard;
			sourceTree = "<group>";
		};
/* End PBXFileSystemSynchronizedRootGroup section */

/* Begin PBXFrameworksBuildPhase section */
		586C029C2FDB11C300D2A003 /* Frameworks */ = {
			isa = PBXFrameworksBuildPhase;
			buildActionMask = 2147483647;
			files = (
				586C02A22FDB11C400D2A003 /* Messages.framework in Frameworks */,
			);
			runOnlyForDeploymentPostprocessing = 0;
		};
		58EB64D02FDECDA0006D84DF /* Frameworks */ = {
			isa = PBXFrameworksBuildPhase;
			buildActionMask = 2147483647;
			files = (
			);
			runOnlyForDeploymentPostprocessing = 0;
		};
		A1000020 /* Frameworks */ = {
			isa = PBXFrameworksBuildPhase;
			buildActionMask = 2147483647;
			files = (
				E26DD5523414B795831B7FB6 /* LeeoKit in Frameworks */,
			);
			runOnlyForDeploymentPostprocessing = 0;
		};
		A1000232 /* Frameworks */ = {
			isa = PBXFrameworksBuildPhase;
			buildActionMask = 2147483647;
			files = (
			);
			runOnlyForDeploymentPostprocessing = 0;
		};
/* End PBXFrameworksBuildPhase section */

/* Begin PBXGroup section */
		586C02A02FDB11C300D2A003 /* Frameworks */ = {
			isa = PBXGroup;
			children = (
				586C02A12FDB11C300D2A003 /* Messages.framework */,
			);
			name = Frameworks;
			sourceTree = "<group>";
		};
		A1000030 = {
			isa = PBXGroup;
			children = (
				586C02912FDB119500D2A003 /* Stickers.xcstickers */,
				A1000031 /* StampCamera */,
				A1000220 /* StampCameraTests */,
				586C027C2FDB116900D2A003 /* sticker */,
				586C02A32FDB11C400D2A003 /* sticker */,
				58EB64D42FDECDA0006D84DF /* keyboard */,
				586C02A02FDB11C300D2A003 /* Frameworks */,
				A1000032 /* Products */,
			);
			sourceTree = "<group>";
		};
		A1000031 /* StampCamera */ = {
			isa = PBXGroup;
			children = (
				586C02C22FDB11D600D2A003 /* StampCamera.entitlements */,
				A1000001 /* StampCameraApp.swift */,
				A1000002 /* ContentView.swift */,
				A1000003 /* CameraManager.swift */,
				A1000004 /* CameraPreview.swift */,
				A1000005 /* PuncherFrameView.swift */,
				A1000006 /* StampShape.swift */,
				A1000007 /* StampCompositor.swift */,
				A1000009 /* CameraLaunchRouter.swift */,
				A100000A /* OpenKkukCameraIntent.swift */,
				9C8F79192FD651EB00B6DA22 /* punching.mp3 */,
				A1000008 /* Info.plist */,
				9C8F79172FD4FEA000B6DA22 /* Assets.xcassets */,
				ABBD8E26D269648DB883B473 /* StampCameraSpec.swift */,
				E6120DBF3C192E243A33504F /* StampCameraSupportView.swift */,
			);
			path = StampCamera;
			sourceTree = "<group>";
		};
		A1000032 /* Products */ = {
			isa = PBXGroup;
			children = (
				A1000000 /* StampCamera.app */,
				A1000200 /* StampCameraTests.xctest */,
				586C029F2FDB11C300D2A003 /* sticker.appex */,
				58EB64D32FDECDA0006D84DF /* keyboard.appex */,
			);
			name = Products;
			sourceTree = "<group>";
		};
		A1000220 /* StampCameraTests */ = {
			isa = PBXGroup;
			children = (
				A1000201 /* TestSupport.swift */,
				A1000202 /* CollectionStoreTests.swift */,
				A1000203 /* ExhibitionTests.swift */,
				A1000204 /* StampShapeTests.swift */,
				A1000205 /* StampCompositorTests.swift */,
				A1000206 /* ColorHexTests.swift */,
				A1000207 /* LiveStampTests.swift */,
				A1000208 /* StyleCorrectnessTests.swift */,
			);
			path = StampCameraTests;
			sourceTree = "<group>";
		};
/* End PBXGroup section */

/* Begin PBXNativeTarget section */
		586C029E2FDB11C300D2A003 /* sticker */ = {
			isa = PBXNativeTarget;
			buildConfigurationList = 586C02B02FDB11C400D2A003 /* Build configuration list for PBXNativeTarget "sticker" */;
			buildPhases = (
				586C029B2FDB11C300D2A003 /* Sources */,
				586C029C2FDB11C300D2A003 /* Frameworks */,
				586C029D2FDB11C300D2A003 /* Resources */,
			);
			buildRules = (
			);
			dependencies = (
			);
			fileSystemSynchronizedGroups = (
				586C02A32FDB11C400D2A003 /* sticker */,
			);
			name = sticker;
			productName = sticker;
			productReference = 586C029F2FDB11C300D2A003 /* sticker.appex */;
			productType = "com.apple.product-type.app-extension.messages";
		};
		58EB64D22FDECDA0006D84DF /* keyboard */ = {
			isa = PBXNativeTarget;
			buildConfigurationList = 58EB64DE2FDECDA0006D84DF /* Build configuration list for PBXNativeTarget "keyboard" */;
			buildPhases = (
				58EB64CF2FDECDA0006D84DF /* Sources */,
				58EB64D02FDECDA0006D84DF /* Frameworks */,
				58EB64D12FDECDA0006D84DF /* Resources */,
			);
			buildRules = (
			);
			dependencies = (
			);
			fileSystemSynchronizedGroups = (
				58EB64D42FDECDA0006D84DF /* keyboard */,
			);
			name = keyboard;
			productName = keyboard;
			productReference = 58EB64D32FDECDA0006D84DF /* keyboard.appex */;
			productType = "com.apple.product-type.app-extension";
		};
		A1000040 /* StampCamera */ = {
			isa = PBXNativeTarget;
			buildConfigurationList = A1000050 /* Build configuration list for PBXNativeTarget "StampCamera" */;
			buildPhases = (
				A1000041 /* Sources */,
				A1000020 /* Frameworks */,
				A1000042 /* Resources */,
				586C02832FDB116B00D2A003 /* Embed Foundation Extensions */,
			);
			buildRules = (
			);
			dependencies = (
				586C02AD2FDB11C400D2A003 /* PBXTargetDependency */,
				58EB64D92FDECDA0006D84DF /* PBXTargetDependency */,
			);
			name = StampCamera;
			packageProductDependencies = (
				BF79C59A8F8F63491030AD61 /* LeeoKit */,
			);
			productName = StampCamera;
			productReference = A1000000 /* StampCamera.app */;
			productType = "com.apple.product-type.application";
		};
		A1000230 /* StampCameraTests */ = {
			isa = PBXNativeTarget;
			buildConfigurationList = A1000252 /* Build configuration list for PBXNativeTarget "StampCameraTests" */;
			buildPhases = (
				A1000231 /* Sources */,
				A1000232 /* Frameworks */,
				A1000233 /* Resources */,
			);
			buildRules = (
			);
			dependencies = (
				A1000240 /* PBXTargetDependency */,
			);
			name = StampCameraTests;
			productName = StampCameraTests;
			productReference = A1000200 /* StampCameraTests.xctest */;
			productType = "com.apple.product-type.bundle.unit-test";
		};
/* End PBXNativeTarget section */

/* Begin PBXProject section */
		A1000060 /* Project object */ = {
			isa = PBXProject;
			attributes = {
				BuildIndependentTargetsInParallel = 1;
				LastSwiftUpdateCheck = 2630;
				LastUpgradeCheck = 1500;
				TargetAttributes = {
					586C029E2FDB11C300D2A003 = {
						CreatedOnToolsVersion = 26.3;
					};
					58EB64D22FDECDA0006D84DF = {
						CreatedOnToolsVersion = 26.3;
					};
					A1000040 = {
						CreatedOnToolsVersion = 15.0;
					};
					A1000230 = {
						CreatedOnToolsVersion = 15.0;
						TestTargetID = A1000040;
					};
				};
			};
			buildConfigurationList = A1000061 /* Build configuration list for PBXProject "StampCamera" */;
			compatibilityVersion = "Xcode 14.0";
			developmentRegion = en;
			hasScannedForEncodings = 0;
			knownRegions = (
				en,
				Base,
			);
			mainGroup = A1000030;
			packageReferences = (
				F12022F142DE088AC58A6734 /* XCRemoteSwiftPackageReference "LeeoKit" */,
			);
			productRefGroup = A1000032 /* Products */;
			projectDirPath = "";
			projectRoot = "";
			targets = (
				A1000040 /* StampCamera */,
				586C029E2FDB11C300D2A003 /* sticker */,
				A1000230 /* StampCameraTests */,
				58EB64D22FDECDA0006D84DF /* keyboard */,
			);
		};
/* End PBXProject section */

/* Begin PBXResourcesBuildPhase section */
		586C029D2FDB11C300D2A003 /* Resources */ = {
			isa = PBXResourcesBuildPhase;
			buildActionMask = 2147483647;
			files = (
			);
			runOnlyForDeploymentPostprocessing = 0;
		};
		58EB64D12FDECDA0006D84DF /* Resources */ = {
			isa = PBXResourcesBuildPhase;
			buildActionMask = 2147483647;
			files = (
			);
			runOnlyForDeploymentPostprocessing = 0;
		};
		A1000042 /* Resources */ = {
			isa = PBXResourcesBuildPhase;
			buildActionMask = 2147483647;
			files = (
				9C8F791A2FD651EB00B6DA22 /* punching.mp3 in Resources */,
				9C8F79182FD4FEA000B6DA22 /* Assets.xcassets in Resources */,
			);
			runOnlyForDeploymentPostprocessing = 0;
		};
		A1000233 /* Resources */ = {
			isa = PBXResourcesBuildPhase;
			buildActionMask = 2147483647;
			files = (
			);
			runOnlyForDeploymentPostprocessing = 0;
		};
/* End PBXResourcesBuildPhase section */

/* Begin PBXSourcesBuildPhase section */
		586C029B2FDB11C300D2A003 /* Sources */ = {
			isa = PBXSourcesBuildPhase;
			buildActionMask = 2147483647;
			files = (
			);
			runOnlyForDeploymentPostprocessing = 0;
		};
		58EB64CF2FDECDA0006D84DF /* Sources */ = {
			isa = PBXSourcesBuildPhase;
			buildActionMask = 2147483647;
			files = (
			);
			runOnlyForDeploymentPostprocessing = 0;
		};
		A1000041 /* Sources */ = {
			isa = PBXSourcesBuildPhase;
			buildActionMask = 2147483647;
			files = (
				A1000011 /* StampCameraApp.swift in Sources */,
				A1000012 /* ContentView.swift in Sources */,
				A1000013 /* CameraManager.swift in Sources */,
				A1000014 /* CameraPreview.swift in Sources */,
				A1000015 /* PuncherFrameView.swift in Sources */,
				A1000016 /* StampShape.swift in Sources */,
				A1000017 /* StampCompositor.swift in Sources */,
				936CDD09A98E432076DB7860 /* StampCameraSpec.swift in Sources */,
				F73CBCCDCA180CAC44AEE8CC /* StampCameraSupportView.swift in Sources */,
				A1000018 /* CameraLaunchRouter.swift in Sources */,
				A1000019 /* OpenKkukCameraIntent.swift in Sources */,
			);
			runOnlyForDeploymentPostprocessing = 0;
		};
		A1000231 /* Sources */ = {
			isa = PBXSourcesBuildPhase;
			buildActionMask = 2147483647;
			files = (
				A1000211 /* TestSupport.swift in Sources */,
				A1000212 /* CollectionStoreTests.swift in Sources */,
				A1000213 /* ExhibitionTests.swift in Sources */,
				A1000214 /* StampShapeTests.swift in Sources */,
				A1000215 /* StampCompositorTests.swift in Sources */,
				A1000216 /* ColorHexTests.swift in Sources */,
				A1000217 /* LiveStampTests.swift in Sources */,
				A1000218 /* StyleCorrectnessTests.swift in Sources */,
			);
			runOnlyForDeploymentPostprocessing = 0;
		};
/* End PBXSourcesBuildPhase section */

/* Begin PBXTargetDependency section */
		586C02AD2FDB11C400D2A003 /* PBXTargetDependency */ = {
			isa = PBXTargetDependency;
			target = 586C029E2FDB11C300D2A003 /* sticker */;
			targetProxy = 586C02AC2FDB11C400D2A003 /* PBXContainerItemProxy */;
		};
		58EB64D92FDECDA0006D84DF /* PBXTargetDependency */ = {
			isa = PBXTargetDependency;
			target = 58EB64D22FDECDA0006D84DF /* keyboard */;
			targetProxy = 58EB64D82FDECDA0006D84DF /* PBXContainerItemProxy */;
		};
		A1000240 /* PBXTargetDependency */ = {
			isa = PBXTargetDependency;
			target = A1000040 /* StampCamera */;
			targetProxy = A1000241 /* PBXContainerItemProxy */;
		};
/* End PBXTargetDependency section */

/* Begin XCBuildConfiguration section */
		586C02B12FDB11C400D2A003 /* Debug */ = {
			isa = XCBuildConfiguration;
			buildSettings = {
				ASSETCATALOG_COMPILER_APPICON_NAME = "iMessage App Icon";
				ASSETCATALOG_COMPILER_GENERATE_SWIFT_ASSET_SYMBOL_EXTENSIONS = YES;
				CLANG_ANALYZER_NONNULL = YES;
				CLANG_ANALYZER_NUMBER_OBJECT_CONVERSION = YES_AGGRESSIVE;
				CLANG_CXX_LANGUAGE_STANDARD = "gnu++20";
				CLANG_ENABLE_OBJC_WEAK = YES;
				CLANG_WARN_BLOCK_CAPTURE_AUTORELEASING = YES;
				CLANG_WARN_BOOL_CONVERSION = YES;
				CLANG_WARN_COMMA = YES;
				CLANG_WARN_CONSTANT_CONVERSION = YES;
				CLANG_WARN_DEPRECATED_OBJC_IMPLEMENTATIONS = YES;
				CLANG_WARN_DIRECT_OBJC_ISA_USAGE = YES_ERROR;
				CLANG_WARN_DOCUMENTATION_COMMENTS = YES;
				CLANG_WARN_EMPTY_BODY = YES;
				CLANG_WARN_ENUM_CONVERSION = YES;
				CLANG_WARN_INFINITE_RECURSION = YES;
				CLANG_WARN_INT_CONVERSION = YES;
				CLANG_WARN_NON_LITERAL_NULL_CONVERSION = YES;
				CLANG_WARN_OBJC_IMPLICIT_RETAIN_SELF = YES;
				CLANG_WARN_OBJC_LITERAL_CONVERSION = YES;
				CLANG_WARN_OBJC_ROOT_CLASS = YES_ERROR;
				CLANG_WARN_QUOTED_INCLUDE_IN_FRAMEWORK_HEADER = YES;
				CLANG_WARN_RANGE_LOOP_ANALYSIS = YES;
				CLANG_WARN_STRICT_PROTOTYPES = YES;
				CLANG_WARN_SUSPICIOUS_MOVE = YES;
				CLANG_WARN_UNGUARDED_AVAILABILITY = YES_AGGRESSIVE;
				CLANG_WARN_UNREACHABLE_CODE = YES;
				CLANG_WARN__DUPLICATE_METHOD_MATCH = YES;
				CODE_SIGN_ENTITLEMENTS = sticker/sticker.entitlements;
				CODE_SIGN_STYLE = Automatic;
				CURRENT_PROJECT_VERSION = 1;
				DEVELOPMENT_TEAM = QGAQ3AY3R3;
				ENABLE_STRICT_OBJC_MSGSEND = YES;
				ENABLE_USER_SCRIPT_SANDBOXING = YES;
				GCC_C_LANGUAGE_STANDARD = gnu17;
				GCC_DYNAMIC_NO_PIC = NO;
				GCC_NO_COMMON_BLOCKS = YES;
				GCC_PREPROCESSOR_DEFINITIONS = (
					"DEBUG=1",
					"$(inherited)",
				);
				GCC_WARN_64_TO_32_BIT_CONVERSION = YES;
				GCC_WARN_ABOUT_RETURN_TYPE = YES_ERROR;
				GCC_WARN_UNDECLARED_SELECTOR = YES;
				GCC_WARN_UNINITIALIZED_AUTOS = YES_AGGRESSIVE;
				GCC_WARN_UNUSED_FUNCTION = YES;
				GCC_WARN_UNUSED_VARIABLE = YES;
				GENERATE_INFOPLIST_FILE = YES;
				INFOPLIST_FILE = sticker/Info.plist;
				INFOPLIST_KEY_CFBundleDisplayName = "펀칭";
				INFOPLIST_KEY_NSHumanReadableCopyright = "";
				IPHONEOS_DEPLOYMENT_TARGET = 18.0;
				LD_RUNPATH_SEARCH_PATHS = (
					"$(inherited)",
					"@executable_path/Frameworks",
					"@executable_path/../../Frameworks",
				);
				LOCALIZATION_PREFERS_STRING_CATALOGS = YES;
				MARKETING_VERSION = 1.0;
				MTL_ENABLE_DEBUG_INFO = INCLUDE_SOURCE;
				MTL_FAST_MATH = YES;
				PRODUCT_BUNDLE_IDENTIFIER = com.devkoan.StampCamera.sticker;
				PRODUCT_NAME = "$(TARGET_NAME)";
				SKIP_INSTALL = YES;
				STRING_CATALOG_GENERATE_SYMBOLS = YES;
				SUPPORTED_PLATFORMS = "iphoneos iphonesimulator";
				SUPPORTS_MACCATALYST = NO;
				SWIFT_ACTIVE_COMPILATION_CONDITIONS = "DEBUG $(inherited)";
				SWIFT_APPROACHABLE_CONCURRENCY = YES;
				SWIFT_EMIT_LOC_STRINGS = YES;
				SWIFT_UPCOMING_FEATURE_MEMBER_IMPORT_VISIBILITY = YES;
				SWIFT_VERSION = 5.0;
				TARGETED_DEVICE_FAMILY = 1;
			};
			name = Debug;
		};
		586C02B22FDB11C400D2A003 /* Release */ = {
			isa = XCBuildConfiguration;
			buildSettings = {
				ASSETCATALOG_COMPILER_APPICON_NAME = "iMessage App Icon";
				ASSETCATALOG_COMPILER_GENERATE_SWIFT_ASSET_SYMBOL_EXTENSIONS = YES;
				CLANG_ANALYZER_NONNULL = YES;
				CLANG_ANALYZER_NUMBER_OBJECT_CONVERSION = YES_AGGRESSIVE;
				CLANG_CXX_LANGUAGE_STANDARD = "gnu++20";
				CLANG_ENABLE_OBJC_WEAK = YES;
				CLANG_WARN_BLOCK_CAPTURE_AUTORELEASING = YES;
				CLANG_WARN_BOOL_CONVERSION = YES;
				CLANG_WARN_COMMA = YES;
				CLANG_WARN_CONSTANT_CONVERSION = YES;
				CLANG_WARN_DEPRECATED_OBJC_IMPLEMENTATIONS = YES;
				CLANG_WARN_DIRECT_OBJC_ISA_USAGE = YES_ERROR;
				CLANG_WARN_DOCUMENTATION_COMMENTS = YES;
				CLANG_WARN_EMPTY_BODY = YES;
				CLANG_WARN_ENUM_CONVERSION = YES;
				CLANG_WARN_INFINITE_RECURSION = YES;
				CLANG_WARN_INT_CONVERSION = YES;
				CLANG_WARN_NON_LITERAL_NULL_CONVERSION = YES;
				CLANG_WARN_OBJC_IMPLICIT_RETAIN_SELF = YES;
				CLANG_WARN_OBJC_LITERAL_CONVERSION = YES;
				CLANG_WARN_OBJC_ROOT_CLASS = YES_ERROR;
				CLANG_WARN_QUOTED_INCLUDE_IN_FRAMEWORK_HEADER = YES;
				CLANG_WARN_RANGE_LOOP_ANALYSIS = YES;
				CLANG_WARN_STRICT_PROTOTYPES = YES;
				CLANG_WARN_SUSPICIOUS_MOVE = YES;
				CLANG_WARN_UNGUARDED_AVAILABILITY = YES_AGGRESSIVE;
				CLANG_WARN_UNREACHABLE_CODE = YES;
				CLANG_WARN__DUPLICATE_METHOD_MATCH = YES;
				CODE_SIGN_ENTITLEMENTS = sticker/sticker.entitlements;
				CODE_SIGN_STYLE = Automatic;
				CURRENT_PROJECT_VERSION = 1;
				DEBUG_INFORMATION_FORMAT = "dwarf-with-dsym";
				DEVELOPMENT_TEAM = QGAQ3AY3R3;
				ENABLE_STRICT_OBJC_MSGSEND = YES;
				ENABLE_USER_SCRIPT_SANDBOXING = YES;
				GCC_C_LANGUAGE_STANDARD = gnu17;
				GCC_NO_COMMON_BLOCKS = YES;
				GCC_WARN_64_TO_32_BIT_CONVERSION = YES;
				GCC_WARN_ABOUT_RETURN_TYPE = YES_ERROR;
				GCC_WARN_UNDECLARED_SELECTOR = YES;
				GCC_WARN_UNINITIALIZED_AUTOS = YES_AGGRESSIVE;
				GCC_WARN_UNUSED_FUNCTION = YES;
				GCC_WARN_UNUSED_VARIABLE = YES;
				GENERATE_INFOPLIST_FILE = YES;
				INFOPLIST_FILE = sticker/Info.plist;
				INFOPLIST_KEY_CFBundleDisplayName = "펀칭";
				INFOPLIST_KEY_NSHumanReadableCopyright = "";
				IPHONEOS_DEPLOYMENT_TARGET = 18.0;
				LD_RUNPATH_SEARCH_PATHS = (
					"$(inherited)",
					"@executable_path/Frameworks",
					"@executable_path/../../Frameworks",
				);
				LOCALIZATION_PREFERS_STRING_CATALOGS = YES;
				MARKETING_VERSION = 1.0;
				MTL_ENABLE_DEBUG_INFO = NO;
				MTL_FAST_MATH = YES;
				PRODUCT_BUNDLE_IDENTIFIER = com.devkoan.StampCamera.sticker;
				PRODUCT_NAME = "$(TARGET_NAME)";
				SKIP_INSTALL = YES;
				STRING_CATALOG_GENERATE_SYMBOLS = YES;
				SUPPORTED_PLATFORMS = "iphoneos iphonesimulator";
				SUPPORTS_MACCATALYST = NO;
				SWIFT_APPROACHABLE_CONCURRENCY = YES;
				SWIFT_EMIT_LOC_STRINGS = YES;
				SWIFT_UPCOMING_FEATURE_MEMBER_IMPORT_VISIBILITY = YES;
				SWIFT_VERSION = 5.0;
				TARGETED_DEVICE_FAMILY = 1;
			};
			name = Release;
		};
		58EB64DB2FDECDA0006D84DF /* Debug */ = {
			isa = XCBuildConfiguration;
			buildSettings = {
				ASSETCATALOG_COMPILER_GENERATE_SWIFT_ASSET_SYMBOL_EXTENSIONS = YES;
				CLANG_ANALYZER_NONNULL = YES;
				CLANG_ANALYZER_NUMBER_OBJECT_CONVERSION = YES_AGGRESSIVE;
				CLANG_CXX_LANGUAGE_STANDARD = "gnu++20";
				CLANG_ENABLE_OBJC_WEAK = YES;
				CLANG_WARN_BLOCK_CAPTURE_AUTORELEASING = YES;
				CLANG_WARN_BOOL_CONVERSION = YES;
				CLANG_WARN_COMMA = YES;
				CLANG_WARN_CONSTANT_CONVERSION = YES;
				CLANG_WARN_DEPRECATED_OBJC_IMPLEMENTATIONS = YES;
				CLANG_WARN_DIRECT_OBJC_ISA_USAGE = YES_ERROR;
				CLANG_WARN_DOCUMENTATION_COMMENTS = YES;
				CLANG_WARN_EMPTY_BODY = YES;
				CLANG_WARN_ENUM_CONVERSION = YES;
				CLANG_WARN_INFINITE_RECURSION = YES;
				CLANG_WARN_INT_CONVERSION = YES;
				CLANG_WARN_NON_LITERAL_NULL_CONVERSION = YES;
				CLANG_WARN_OBJC_IMPLICIT_RETAIN_SELF = YES;
				CLANG_WARN_OBJC_LITERAL_CONVERSION = YES;
				CLANG_WARN_OBJC_ROOT_CLASS = YES_ERROR;
				CLANG_WARN_QUOTED_INCLUDE_IN_FRAMEWORK_HEADER = YES;
				CLANG_WARN_RANGE_LOOP_ANALYSIS = YES;
				CLANG_WARN_STRICT_PROTOTYPES = YES;
				CLANG_WARN_SUSPICIOUS_MOVE = YES;
				CLANG_WARN_UNGUARDED_AVAILABILITY = YES_AGGRESSIVE;
				CLANG_WARN_UNREACHABLE_CODE = YES;
				CLANG_WARN__DUPLICATE_METHOD_MATCH = YES;
				CODE_SIGN_ENTITLEMENTS = keyboard/keyboard.entitlements;
				CODE_SIGN_STYLE = Automatic;
				CURRENT_PROJECT_VERSION = 1;
				DEVELOPMENT_TEAM = QGAQ3AY3R3;
				ENABLE_STRICT_OBJC_MSGSEND = YES;
				ENABLE_USER_SCRIPT_SANDBOXING = YES;
				GCC_C_LANGUAGE_STANDARD = gnu17;
				GCC_DYNAMIC_NO_PIC = NO;
				GCC_NO_COMMON_BLOCKS = YES;
				GCC_PREPROCESSOR_DEFINITIONS = (
					"DEBUG=1",
					"$(inherited)",
				);
				GCC_WARN_64_TO_32_BIT_CONVERSION = YES;
				GCC_WARN_ABOUT_RETURN_TYPE = YES_ERROR;
				GCC_WARN_UNDECLARED_SELECTOR = YES;
				GCC_WARN_UNINITIALIZED_AUTOS = YES_AGGRESSIVE;
				GCC_WARN_UNUSED_FUNCTION = YES;
				GCC_WARN_UNUSED_VARIABLE = YES;
				GENERATE_INFOPLIST_FILE = YES;
				INFOPLIST_FILE = keyboard/Info.plist;
				INFOPLIST_KEY_CFBundleDisplayName = "펀칭 스티커";
				INFOPLIST_KEY_NSHumanReadableCopyright = "";
				IPHONEOS_DEPLOYMENT_TARGET = 17.0;
				LD_RUNPATH_SEARCH_PATHS = (
					"$(inherited)",
					"@executable_path/Frameworks",
					"@executable_path/../../Frameworks",
				);
				LOCALIZATION_PREFERS_STRING_CATALOGS = YES;
				MARKETING_VERSION = 1.0;
				MTL_ENABLE_DEBUG_INFO = INCLUDE_SOURCE;
				MTL_FAST_MATH = YES;
				PRODUCT_BUNDLE_IDENTIFIER = com.devkoan.StampCamera.keyboard;
				PRODUCT_NAME = "$(TARGET_NAME)";
				SKIP_INSTALL = YES;
				STRING_CATALOG_GENERATE_SYMBOLS = YES;
				SWIFT_ACTIVE_COMPILATION_CONDITIONS = "DEBUG $(inherited)";
				SWIFT_APPROACHABLE_CONCURRENCY = YES;
				SWIFT_EMIT_LOC_STRINGS = YES;
				SWIFT_UPCOMING_FEATURE_MEMBER_IMPORT_VISIBILITY = YES;
				SWIFT_VERSION = 5.0;
				TARGETED_DEVICE_FAMILY = "1,2";
			};
			name = Debug;
		};
		58EB64DC2FDECDA0006D84DF /* Release */ = {
			isa = XCBuildConfiguration;
			buildSettings = {
				ASSETCATALOG_COMPILER_GENERATE_SWIFT_ASSET_SYMBOL_EXTENSIONS = YES;
				CLANG_ANALYZER_NONNULL = YES;
				CLANG_ANALYZER_NUMBER_OBJECT_CONVERSION = YES_AGGRESSIVE;
				CLANG_CXX_LANGUAGE_STANDARD = "gnu++20";
				CLANG_ENABLE_OBJC_WEAK = YES;
				CLANG_WARN_BLOCK_CAPTURE_AUTORELEASING = YES;
				CLANG_WARN_BOOL_CONVERSION = YES;
				CLANG_WARN_COMMA = YES;
				CLANG_WARN_CONSTANT_CONVERSION = YES;
				CLANG_WARN_DEPRECATED_OBJC_IMPLEMENTATIONS = YES;
				CLANG_WARN_DIRECT_OBJC_ISA_USAGE = YES_ERROR;
				CLANG_WARN_DOCUMENTATION_COMMENTS = YES;
				CLANG_WARN_EMPTY_BODY = YES;
				CLANG_WARN_ENUM_CONVERSION = YES;
				CLANG_WARN_INFINITE_RECURSION = YES;
				CLANG_WARN_INT_CONVERSION = YES;
				CLANG_WARN_NON_LITERAL_NULL_CONVERSION = YES;
				CLANG_WARN_OBJC_IMPLICIT_RETAIN_SELF = YES;
				CLANG_WARN_OBJC_LITERAL_CONVERSION = YES;
				CLANG_WARN_OBJC_ROOT_CLASS = YES_ERROR;
				CLANG_WARN_QUOTED_INCLUDE_IN_FRAMEWORK_HEADER = YES;
				CLANG_WARN_RANGE_LOOP_ANALYSIS = YES;
				CLANG_WARN_STRICT_PROTOTYPES = YES;
				CLANG_WARN_SUSPICIOUS_MOVE = YES;
				CLANG_WARN_UNGUARDED_AVAILABILITY = YES_AGGRESSIVE;
				CLANG_WARN_UNREACHABLE_CODE = YES;
				CLANG_WARN__DUPLICATE_METHOD_MATCH = YES;
				CODE_SIGN_ENTITLEMENTS = keyboard/keyboard.entitlements;
				CODE_SIGN_STYLE = Automatic;
				CURRENT_PROJECT_VERSION = 1;
				DEBUG_INFORMATION_FORMAT = "dwarf-with-dsym";
				DEVELOPMENT_TEAM = QGAQ3AY3R3;
				ENABLE_STRICT_OBJC_MSGSEND = YES;
				ENABLE_USER_SCRIPT_SANDBOXING = YES;
				GCC_C_LANGUAGE_STANDARD = gnu17;
				GCC_NO_COMMON_BLOCKS = YES;
				GCC_WARN_64_TO_32_BIT_CONVERSION = YES;
				GCC_WARN_ABOUT_RETURN_TYPE = YES_ERROR;
				GCC_WARN_UNDECLARED_SELECTOR = YES;
				GCC_WARN_UNINITIALIZED_AUTOS = YES_AGGRESSIVE;
				GCC_WARN_UNUSED_FUNCTION = YES;
				GCC_WARN_UNUSED_VARIABLE = YES;
				GENERATE_INFOPLIST_FILE = YES;
				INFOPLIST_FILE = keyboard/Info.plist;
				INFOPLIST_KEY_CFBundleDisplayName = "펀칭 스티커";
				INFOPLIST_KEY_NSHumanReadableCopyright = "";
				IPHONEOS_DEPLOYMENT_TARGET = 17.0;
				LD_RUNPATH_SEARCH_PATHS = (
					"$(inherited)",
					"@executable_path/Frameworks",
					"@executable_path/../../Frameworks",
				);
				LOCALIZATION_PREFERS_STRING_CATALOGS = YES;
				MARKETING_VERSION = 1.0;
				MTL_ENABLE_DEBUG_INFO = NO;
				MTL_FAST_MATH = YES;
				PRODUCT_BUNDLE_IDENTIFIER = com.devkoan.StampCamera.keyboard;
				PRODUCT_NAME = "$(TARGET_NAME)";
				SKIP_INSTALL = YES;
				STRING_CATALOG_GENERATE_SYMBOLS = YES;
				SWIFT_APPROACHABLE_CONCURRENCY = YES;
				SWIFT_EMIT_LOC_STRINGS = YES;
				SWIFT_UPCOMING_FEATURE_MEMBER_IMPORT_VISIBILITY = YES;
				SWIFT_VERSION = 5.0;
				TARGETED_DEVICE_FAMILY = "1,2";
			};
			name = Release;
		};
		A1000070 /* Debug */ = {
			isa = XCBuildConfiguration;
			buildSettings = {
				ALWAYS_SEARCH_USER_PATHS = NO;
				CLANG_ENABLE_MODULES = YES;
				CLANG_ENABLE_OBJC_ARC = YES;
				COPY_PHASE_STRIP = NO;
				DEBUG_INFORMATION_FORMAT = dwarf;
				ENABLE_TESTABILITY = YES;
				GCC_OPTIMIZATION_LEVEL = 0;
				IPHONEOS_DEPLOYMENT_TARGET = 18.0;
				ONLY_ACTIVE_ARCH = YES;
				SDKROOT = iphoneos;
				SWIFT_ACTIVE_COMPILATION_CONDITIONS = DEBUG;
				SWIFT_OPTIMIZATION_LEVEL = "-Onone";
			};
			name = Debug;
		};
		A1000071 /* Release */ = {
			isa = XCBuildConfiguration;
			buildSettings = {
				ALWAYS_SEARCH_USER_PATHS = NO;
				CLANG_ENABLE_MODULES = YES;
				CLANG_ENABLE_OBJC_ARC = YES;
				COPY_PHASE_STRIP = NO;
				ENABLE_NS_ASSERTIONS = NO;
				IPHONEOS_DEPLOYMENT_TARGET = 18.0;
				SDKROOT = iphoneos;
				SWIFT_COMPILATION_MODE = wholemodule;
				SWIFT_OPTIMIZATION_LEVEL = "-O";
				VALIDATE_PRODUCT = YES;
			};
			name = Release;
		};
		A1000080 /* Debug */ = {
			isa = XCBuildConfiguration;
			buildSettings = {
				ASSETCATALOG_COMPILER_APPICON_NAME = AppIcon;
				ASSETCATALOG_COMPILER_GLOBAL_ACCENT_COLOR_NAME = AccentColor;
				CODE_SIGN_ENTITLEMENTS = StampCamera/StampCamera.entitlements;
				CODE_SIGN_STYLE = Automatic;
				CURRENT_PROJECT_VERSION = 1;
				DEVELOPMENT_TEAM = QGAQ3AY3R3;
				ENABLE_PREVIEWS = YES;
				GENERATE_INFOPLIST_FILE = NO;
				INFOPLIST_FILE = StampCamera/Info.plist;
				INFOPLIST_KEY_CFBundleDisplayName = "펀칭";
				IPHONEOS_DEPLOYMENT_TARGET = 18.0;
				LD_RUNPATH_SEARCH_PATHS = (
					"$(inherited)",
					"@executable_path/Frameworks",
				);
				MARKETING_VERSION = 1.0;
				PRODUCT_BUNDLE_IDENTIFIER = com.devkoan.StampCamera;
				PRODUCT_NAME = "$(TARGET_NAME)";
				SUPPORTED_PLATFORMS = "iphoneos iphonesimulator";
				SUPPORTS_MACCATALYST = NO;
				SWIFT_EMIT_LOC_STRINGS = YES;
				SWIFT_VERSION = 5.0;
				TARGETED_DEVICE_FAMILY = 1;
			};
			name = Debug;
		};
		A1000081 /* Release */ = {
			isa = XCBuildConfiguration;
			buildSettings = {
				ASSETCATALOG_COMPILER_APPICON_NAME = AppIcon;
				ASSETCATALOG_COMPILER_GLOBAL_ACCENT_COLOR_NAME = AccentColor;
				CODE_SIGN_ENTITLEMENTS = StampCamera/StampCamera.entitlements;
				CODE_SIGN_STYLE = Automatic;
				CURRENT_PROJECT_VERSION = 1;
				DEVELOPMENT_TEAM = QGAQ3AY3R3;
				ENABLE_PREVIEWS = YES;
				GENERATE_INFOPLIST_FILE = NO;
				INFOPLIST_FILE = StampCamera/Info.plist;
				INFOPLIST_KEY_CFBundleDisplayName = "펀칭";
				IPHONEOS_DEPLOYMENT_TARGET = 18.0;
				LD_RUNPATH_SEARCH_PATHS = (
					"$(inherited)",
					"@executable_path/Frameworks",
				);
				MARKETING_VERSION = 1.0;
				PRODUCT_BUNDLE_IDENTIFIER = com.devkoan.StampCamera;
				PRODUCT_NAME = "$(TARGET_NAME)";
				SUPPORTED_PLATFORMS = "iphoneos iphonesimulator";
				SUPPORTS_MACCATALYST = NO;
				SWIFT_EMIT_LOC_STRINGS = YES;
				SWIFT_VERSION = 5.0;
				TARGETED_DEVICE_FAMILY = 1;
			};
			name = Release;
		};
		A1000250 /* Debug */ = {
			isa = XCBuildConfiguration;
			buildSettings = {
				BUNDLE_LOADER = "$(TEST_HOST)";
				CODE_SIGN_STYLE = Automatic;
				CURRENT_PROJECT_VERSION = 1;
				DEVELOPMENT_TEAM = QGAQ3AY3R3;
				GENERATE_INFOPLIST_FILE = YES;
				IPHONEOS_DEPLOYMENT_TARGET = 18.0;
				MARKETING_VERSION = 1.0;
				PRODUCT_BUNDLE_IDENTIFIER = com.devkoan.StampCameraTests;
				PRODUCT_NAME = "$(TARGET_NAME)";
				SWIFT_EMIT_LOC_STRINGS = NO;
				SWIFT_VERSION = 5.0;
				TARGETED_DEVICE_FAMILY = "1,2";
				TEST_HOST = "$(BUILT_PRODUCTS_DIR)/StampCamera.app/StampCamera";
			};
			name = Debug;
		};
		A1000251 /* Release */ = {
			isa = XCBuildConfiguration;
			buildSettings = {
				BUNDLE_LOADER = "$(TEST_HOST)";
				CODE_SIGN_STYLE = Automatic;
				CURRENT_PROJECT_VERSION = 1;
				DEVELOPMENT_TEAM = QGAQ3AY3R3;
				GENERATE_INFOPLIST_FILE = YES;
				IPHONEOS_DEPLOYMENT_TARGET = 18.0;
				MARKETING_VERSION = 1.0;
				PRODUCT_BUNDLE_IDENTIFIER = com.devkoan.StampCameraTests;
				PRODUCT_NAME = "$(TARGET_NAME)";
				SWIFT_EMIT_LOC_STRINGS = NO;
				SWIFT_VERSION = 5.0;
				TARGETED_DEVICE_FAMILY = "1,2";
				TEST_HOST = "$(BUILT_PRODUCTS_DIR)/StampCamera.app/StampCamera";
			};
			name = Release;
		};
/* End XCBuildConfiguration section */

/* Begin XCConfigurationList section */
		586C02B02FDB11C400D2A003 /* Build configuration list for PBXNativeTarget "sticker" */ = {
			isa = XCConfigurationList;
			buildConfigurations = (
				586C02B12FDB11C400D2A003 /* Debug */,
				586C02B22FDB11C400D2A003 /* Release */,
			);
			defaultConfigurationIsVisible = 0;
			defaultConfigurationName = Release;
		};
		58EB64DE2FDECDA0006D84DF /* Build configuration list for PBXNativeTarget "keyboard" */ = {
			isa = XCConfigurationList;
			buildConfigurations = (
				58EB64DB2FDECDA0006D84DF /* Debug */,
				58EB64DC2FDECDA0006D84DF /* Release */,
			);
			defaultConfigurationIsVisible = 0;
			defaultConfigurationName = Release;
		};
		A1000050 /* Build configuration list for PBXNativeTarget "StampCamera" */ = {
			isa = XCConfigurationList;
			buildConfigurations = (
				A1000080 /* Debug */,
				A1000081 /* Release */,
			);
			defaultConfigurationIsVisible = 0;
			defaultConfigurationName = Release;
		};
		A1000061 /* Build configuration list for PBXProject "StampCamera" */ = {
			isa = XCConfigurationList;
			buildConfigurations = (
				A1000070 /* Debug */,
				A1000071 /* Release */,
			);
			defaultConfigurationIsVisible = 0;
			defaultConfigurationName = Release;
		};
		A1000252 /* Build configuration list for PBXNativeTarget "StampCameraTests" */ = {
			isa = XCConfigurationList;
			buildConfigurations = (
				A1000250 /* Debug */,
				A1000251 /* Release */,
			);
			defaultConfigurationIsVisible = 0;
			defaultConfigurationName = Release;
		};
/* End XCConfigurationList section */

/* Begin XCRemoteSwiftPackageReference section */
		F12022F142DE088AC58A6734 /* XCRemoteSwiftPackageReference "LeeoKit" */ = {
			isa = XCRemoteSwiftPackageReference;
			repositoryURL = "https://github.com/M1zz/LeeoKit.git";
			requirement = {
				kind = upToNextMajorVersion;
				minimumVersion = 2.6.0;
			};
		};
/* End XCRemoteSwiftPackageReference section */

/* Begin XCSwiftPackageProductDependency section */
		BF79C59A8F8F63491030AD61 /* LeeoKit */ = {
			isa = XCSwiftPackageProductDependency;
			package = F12022F142DE088AC58A6734 /* XCRemoteSwiftPackageReference "LeeoKit" */;
			productName = LeeoKit;
		};
/* End XCSwiftPackageProductDependency section */
	};
	rootObject = A1000060 /* Project object */;
}
